
Microsoft Visual Studio Solution File, Format Version 12.00
# Visual Studio Version 16
VisualStudioVersion = 16.0.29020.237
MinimumVisualStudioVersion = 10.0.40219.1
Project("{FAE04EC0-301F-11D3-BF4B-00C04F79EFBC}") = "MyStoreApp", "MyStoreApp\MyStoreApp.csproj", "{DD42A39F-FA89-4C54-88A7-1F8480820771}"
EndProject
Global
	GlobalSection(SolutionConfigurationPlatforms) = preSolution
		Debug|Any CPU = Debug|Any CPU
		Release|Any CPU = Release|Any CPU
	EndGlobalSection
	GlobalSection(ProjectConfigurationPlatforms) = postSolution
		{DD42A39F-FA89-4C54-88A7-1F8480820771}.Debug|Any CPU.ActiveCfg = Debug|Any CPU
		{DD42A39F-FA89-4C54-88A7-1F8480820771}.Debug|Any CPU.Build.0 = Debug|Any CPU
		{DD42A39F-FA89-4C54-88A7-1F8480820771}.Release|Any CPU.ActiveCfg = Release|Any CPU
		{DD42A39F-FA89-4C54-88A7-1F8480820771}.Release|Any CPU.Build.0 = Release|Any CPU
	EndGlobalSection
	GlobalSection(SolutionProperties) = preSolution
		HideSolutionNode = FALSE
	EndGlobalSection
	GlobalSection(ExtensibilityGlobals) = postSolution
		SolutionGuid = {278E2138-BF01-4646-B45A-DA4FB1BB0D8F}
	EndGlobalSection
EndGlobal
